
Microsoft Visual Studio Solution File, Format Version 12.00
# Visual Studio Version 16
VisualStudioVersion = 16.0.32901.82
MinimumVisualStudioVersion = 10.0.40219.1
Project("{FAE04EC0-301F-11D3-BF4B-00C04F79EFBC}") = "JWTAuthentication", "JWTAuthentication.csproj", "{BBBC2EC1-A10B-4FB5-819A-44830A5B2A12}"
EndProject
Global
	GlobalSection(SolutionConfigurationPlatforms) = preSolution
		Debug|Any CPU = Debug|Any CPU
		Release|Any CPU = Release|Any CPU
	EndGlobalSection
	GlobalSection(ProjectConfigurationPlatforms) = postSolution
		{BBBC2EC1-A10B-4FB5-819A-44830A5B2A12}.Debug|Any CPU.ActiveCfg = Debug|Any CPU
		{BBBC2EC1-A10B-4FB5-819A-44830A5B2A12}.Debug|Any CPU.Build.0 = Debug|Any CPU
		{BBBC2EC1-A10B-4FB5-819A-44830A5B2A12}.Release|Any CPU.ActiveCfg = Release|Any CPU
		{BBBC2EC1-A10B-4FB5-819A-44830A5B2A12}.Release|Any CPU.Build.0 = Release|Any CPU
	EndGlobalSection
	GlobalSection(SolutionProperties) = preSolution
		HideSolutionNode = FALSE
	EndGlobalSection
	GlobalSection(ExtensibilityGlobals) = postSolution
		SolutionGuid = {84AE3BD8-FD61-4A65-A58D-D8FC3E943703}
	EndGlobalSection
EndGlobal
